
Microsoft Visual Studio Solution File, Format Version 12.00
# Visual Studio Version 17
VisualStudioVersion = 17.14.36623.8
MinimumVisualStudioVersion = 10.0.40219.1
Project("{FAE04EC0-301F-11D3-BF4B-00C04F79EFBC}") = "JFolderCollection", "JFolderCollection\JFolderCollection.csproj", "{05D9295E-A3BC-4C5B-9446-DCF9E7539CF8}"
EndProject
Project("{2150E333-8FDC-42A3-9474-1A3956D46DE8}") = "Devops", "Devops", "{02EA681E-C7D8-13C7-8484-4AC65E1B71E8}"
	ProjectSection(SolutionItems) = preProject
		Dockerfile = Dockerfile
		Jenkinsfile = Jenkinsfile
	EndProjectSection
EndProject
Global
	GlobalSection(SolutionConfigurationPlatforms) = preSolution
		Debug|Any CPU = Debug|Any CPU
		Release|Any CPU = Release|Any CPU
	EndGlobalSection
	GlobalSection(ProjectConfigurationPlatforms) = postSolution
		{05D9295E-A3BC-4C5B-9446-DCF9E7539CF8}.Debug|Any CPU.ActiveCfg = Debug|Any CPU
		{05D9295E-A3BC-4C5B-9446-DCF9E7539CF8}.Debug|Any CPU.Build.0 = Debug|Any CPU
		{05D9295E-A3BC-4C5B-9446-DCF9E7539CF8}.Release|Any CPU.ActiveCfg = Release|Any CPU
		{05D9295E-A3BC-4C5B-9446-DCF9E7539CF8}.Release|Any CPU.Build.0 = Release|Any CPU
	EndGlobalSection
	GlobalSection(SolutionProperties) = preSolution
		HideSolutionNode = FALSE
	EndGlobalSection
	GlobalSection(ExtensibilityGlobals) = postSolution
		SolutionGuid = {46ED464F-9FF0-4501-B06A-C86F894A7488}
	EndGlobalSection
EndGlobal
